dbut.dev/x v0.0.0-20260420050319-9f1b5542e873 h1:vxUMufJpSlTRaM0ZDowxKdwX5ew28z/yJCCPrL4dvPM=
dbut.dev/x v0.0.0-20260420050319-9f1b5542e873/go.mod h1:gYAYjnup5VEb9iYY+BSQO63+AqeMHSRS1WDt8QfHRvg=
dbut.dev/x v0.0.0-20260828081237-9c780dccb2d0 h1:zNQEK1ALdERUU2SHho7hc9aQk6zRGnkXm+VqFmhvr34=
dbut.dev/x v0.0.0-20260828081237-9c780dccb2d0/go.mod h1:MgUuN7oSN7O4IyiEk9nBSc/4dZFOC1MaEa5HQhIvfiI=
