dbut.dev/x v0.0.0-20260420050319-9f1b5542e873 h1:vxUMufJpSlTRaM0ZDowxKdwX5ew28z/yJCCPrL4dvPM=
dbut.dev/x v0.0.0-20260420050319-9f1b5542e873/go.mod h1:gYAYjnup5VEb9iYY+BSQO63+AqeMHSRS1WDt8QfHRvg=
github.com/mfg92/hugo-shortcode-gallery v1.4.0 h1:QS6L448HSnMSJwnH4HY+euTemuK1Dsq6lfYIRU8cLV4=
github.com/mfg92/hugo-shortcode-gallery v1.4.0/go.mod h1:SEdbeBGSMX2lP+4nCqqy9AyTWWktUMWXYnR3r1l01Rw=
